
Microsoft Visual Studio Solution File, Format Version 12.00
# Visual Studio Version 17
VisualStudioVersion = 17.14.36203.30
MinimumVisualStudioVersion = 10.0.40219.1
Project("{FAE04EC0-301F-11D3-BF4B-00C04F79EFBC}") = "P20230252MILUGAR.web", "P20230252MILUGAR.web\P20230252MILUGAR.web.csproj", "{DCC36269-62C4-4F47-BB81-2BAC0F101F40}"
EndProject
Global
	GlobalSection(SolutionConfigurationPlatforms) = preSolution
		Debug|Any CPU = Debug|Any CPU
		Release|Any CPU = Release|Any CPU
	EndGlobalSection
	GlobalSection(ProjectConfigurationPlatforms) = postSolution
		{DCC36269-62C4-4F47-BB81-2BAC0F101F40}.Debug|Any CPU.ActiveCfg = Debug|Any CPU
		{DCC36269-62C4-4F47-BB81-2BAC0F101F40}.Debug|Any CPU.Build.0 = Debug|Any CPU
		{DCC36269-62C4-4F47-BB81-2BAC0F101F40}.Release|Any CPU.ActiveCfg = Release|Any CPU
		{DCC36269-62C4-4F47-BB81-2BAC0F101F40}.Release|Any CPU.Build.0 = Release|Any CPU
	EndGlobalSection
	GlobalSection(SolutionProperties) = preSolution
		HideSolutionNode = FALSE
	EndGlobalSection
	GlobalSection(ExtensibilityGlobals) = postSolution
		SolutionGuid = {C49C2F83-3F71-450A-BA54-AE520CA1C428}
	EndGlobalSection
EndGlobal
